
Microsoft Visual Studio Solution File, Format Version 12.00
# Visual Studio Version 17
VisualStudioVersion = 17.9.34723.18
MinimumVisualStudioVersion = 10.0.40219.1
Project("{2150E333-8FDC-42A3-9474-1A3956D46DE8}") = "Lab1", "Lab1", "{21B7915B-54B3-4BA5-A7FA-9AF1A573E5F4}"
EndProject
Project("{FAE04EC0-301F-11D3-BF4B-00C04F79EFBC}") = "Lab1", "Lab1\Lab1.csproj", "{9DB09720-4C73-4E4D-9D1B-16BDA2C32266}"
EndProject
Project("{9A19103F-16F7-4668-BE54-9A1E7A4F7556}") = "Lab1Tests", "Lab1Tests\Lab1Tests.csproj", "{E6775C8C-1EBA-4E23-85F5-AA007E95699A}"
EndProject
Project("{2150E333-8FDC-42A3-9474-1A3956D46DE8}") = "Lab2", "Lab2", "{E8ED69E1-16AA-4450-82F9-06F3C27513B1}"
EndProject
Project("{FAE04EC0-301F-11D3-BF4B-00C04F79EFBC}") = "Lab2", "Lab2\Lab2.csproj", "{8CD401D2-1E9A-480D-A683-B44FC4A250BF}"
EndProject
Project("{9A19103F-16F7-4668-BE54-9A1E7A4F7556}") = "Lab2Tests", "Lab2Tests\Lab2Tests.csproj", "{132E8C43-7954-45DF-B571-BCA55B3EEC27}"
EndProject
Global
	GlobalSection(SolutionConfigurationPlatforms) = preSolution
		Debug|Any CPU = Debug|Any CPU
		Release|Any CPU = Release|Any CPU
	EndGlobalSection
	GlobalSection(ProjectConfigurationPlatforms) = postSolution
		{9DB09720-4C73-4E4D-9D1B-16BDA2C32266}.Debug|Any CPU.ActiveCfg = Debug|Any CPU
		{9DB09720-4C73-4E4D-9D1B-16BDA2C32266}.Debug|Any CPU.Build.0 = Debug|Any CPU
		{9DB09720-4C73-4E4D-9D1B-16BDA2C32266}.Release|Any CPU.ActiveCfg = Release|Any CPU
		{9DB09720-4C73-4E4D-9D1B-16BDA2C32266}.Release|Any CPU.Build.0 = Release|Any CPU
		{E6775C8C-1EBA-4E23-85F5-AA007E95699A}.Debug|Any CPU.ActiveCfg = Debug|Any CPU
		{E6775C8C-1EBA-4E23-85F5-AA007E95699A}.Debug|Any CPU.Build.0 = Debug|Any CPU
		{E6775C8C-1EBA-4E23-85F5-AA007E95699A}.Release|Any CPU.ActiveCfg = Release|Any CPU
		{E6775C8C-1EBA-4E23-85F5-AA007E95699A}.Release|Any CPU.Build.0 = Release|Any CPU
		{8CD401D2-1E9A-480D-A683-B44FC4A250BF}.Debug|Any CPU.ActiveCfg = Debug|Any CPU
		{8CD401D2-1E9A-480D-A683-B44FC4A250BF}.Debug|Any CPU.Build.0 = Debug|Any CPU
		{8CD401D2-1E9A-480D-A683-B44FC4A250BF}.Release|Any CPU.ActiveCfg = Release|Any CPU
		{8CD401D2-1E9A-480D-A683-B44FC4A250BF}.Release|Any CPU.Build.0 = Release|Any CPU
		{132E8C43-7954-45DF-B571-BCA55B3EEC27}.Debug|Any CPU.ActiveCfg = Debug|Any CPU
		{132E8C43-7954-45DF-B571-BCA55B3EEC27}.Debug|Any CPU.Build.0 = Debug|Any CPU
		{132E8C43-7954-45DF-B571-BCA55B3EEC27}.Release|Any CPU.ActiveCfg = Release|Any CPU
		{132E8C43-7954-45DF-B571-BCA55B3EEC27}.Release|Any CPU.Build.0 = Release|Any CPU
	EndGlobalSection
	GlobalSection(SolutionProperties) = preSolution
		HideSolutionNode = FALSE
	EndGlobalSection
	GlobalSection(NestedProjects) = preSolution
		{9DB09720-4C73-4E4D-9D1B-16BDA2C32266} = {21B7915B-54B3-4BA5-A7FA-9AF1A573E5F4}
		{E6775C8C-1EBA-4E23-85F5-AA007E95699A} = {21B7915B-54B3-4BA5-A7FA-9AF1A573E5F4}
		{8CD401D2-1E9A-480D-A683-B44FC4A250BF} = {E8ED69E1-16AA-4450-82F9-06F3C27513B1}
		{132E8C43-7954-45DF-B571-BCA55B3EEC27} = {E8ED69E1-16AA-4450-82F9-06F3C27513B1}
	EndGlobalSection
	GlobalSection(ExtensibilityGlobals) = postSolution
		SolutionGuid = {52EE6808-BDF4-460F-88F5-E90B076BD0EF}
	EndGlobalSection
EndGlobal
